{
    "name": "homebridge-example",
    "version": "0.0.1",
    "lockfileVersion": 2,
    "requires": true,
    "packages": {
        "": {
            "version": "0.0.1",
            "license": "the most strict license",
            "engines": {
                "homebridge": ">=0.4.8",
                "node": ">=10.17.0"
            }
        }
    }
}
